{
  "version": 4,
  "terraform_version": "1.12.2",
  "serial": 37,
  "lineage": "73f1b359-3fa7-a05b-a0a2-e1bfc416c420",
  "outputs": {
    "batch_job_queue_arn": {
      "value": "arn:aws:batch:us-east-1:664418983811:job-queue/gpu-job-queue-mwjnshy2",
      "type": "string"
    },
    "batch_job_role_arn": {
      "value": "arn:aws:iam::664418983811:role/BatchJobRole-mwjnshy2",
      "type": "string"
    },
    "ecr_repository_url": {
      "value": "664418983811.dkr.ecr.us-east-1.amazonaws.com/kidney-disease-classifier-mwjnshy2",
      "type": "string"
    },
    "ecs_task_execution_role_arn": {
      "value": "arn:aws:iam::664418983811:role/ecsTaskExecutionRole-mwjnshy2",
      "type": "string"
    },
    "ecs_task_role_arn": {
      "value": "arn:aws:iam::664418983811:role/ecsTaskRole-mwjnshy2",
      "type": "string"
    },
    "resource_suffix": {
      "value": "mwjnshy2",
      "type": "string"
    },
    "s3_bucket_name": {
      "value": "kidney-disease-mwjnshy2",
      "type": "string"
    },
    "security_group_id": {
      "value": "sg-02d52dfe1be4d7f8b",
      "type": "string"
    },
    "subnet_id": {
      "value": "subnet-02d79eaa9223a3209",
      "type": "string"
    },
    "vpc_id": {
      "value": "vpc-0c2cb380e3a54ed26",
      "type": "string"
    }
  },
  "resources": [
    {
      "mode": "data",
      "type": "aws_availability_zones",
      "name": "available",
      "provider": "provider[\"registry.terraform.io/hashicorp/aws\"]",
      "instances": [
        {
          "schema_version": 0,
          "attributes": {
            "all_availability_zones": null,
            "exclude_names": null,
            "exclude_zone_ids": null,
            "filter": null,
            "group_names": [
              "us-east-1-zg-1"
            ],
            "id": "us-east-1",
            "names": [
              "us-east-1a",
              "us-east-1b",
              "us-east-1c",
              "us-east-1d",
              "us-east-1e",
              "us-east-1f"
            ],
            "state": "available",
            "timeouts": null,
            "zone_ids": [
              "use1-az4",
              "use1-az6",
              "use1-az1",
              "use1-az2",
              "use1-az3",
              "use1-az5"
            ]
          },
          "sensitive_attributes": [],
          "identity_schema_version": 0
        }
      ]
    },
    {
      "mode": "managed",
      "type": "aws_batch_compute_environment",
      "name": "gpu_compute_env",
      "provider": "provider[\"registry.terraform.io/hashicorp/aws\"]",
      "instances": [
        {
          "schema_version": 0,
          "attributes": {
            "arn": "arn:aws:batch:us-east-1:664418983811:compute-environment/gpu-compute-env-mwjnshy2",
            "compute_environment_name": "gpu-compute-env-mwjnshy2",
            "compute_environment_name_prefix": "",
            "compute_resources": [
              {
                "allocation_strategy": "SPOT_CAPACITY_OPTIMIZED",
                "bid_percentage": 0,
                "desired_vcpus": 0,
                "ec2_configuration": [
                  {
                    "image_id_override": "",
                    "image_type": "ECS_AL2_NVIDIA"
                  }
                ],
                "ec2_key_pair": "",
                "image_id": "",
                "instance_role": "arn:aws:iam::664418983811:instance-profile/ecsInstanceProfile-mwjnshy2",
                "instance_type": [
                  "p3.2xlarge"
                ],
                "launch_template": [],
                "max_vcpus": 256,
                "min_vcpus": 0,
                "placement_group": "",
                "security_group_ids": [
                  "sg-02d52dfe1be4d7f8b"
                ],
                "spot_iam_fleet_role": "",
                "subnets": [
                  "subnet-02d79eaa9223a3209"
                ],
                "tags": {
                  "Name": "batch-compute-instance-mwjnshy2"
                },
                "type": "SPOT"
              }
            ],
            "ecs_cluster_arn": "arn:aws:ecs:us-east-1:664418983811:cluster/gpu-compute-env-mwjnshy2_Batch_4c885b9f-7dfc-3a2b-b963-02811fdbf313",
            "eks_configuration": [],
            "id": "gpu-compute-env-mwjnshy2",
            "service_role": "arn:aws:iam::664418983811:role/AWSBatchServiceRole-mwjnshy2",
            "state": "ENABLED",
            "status": "VALID",
            "status_reason": "ComputeEnvironment Healthy",
            "tags": {},
            "tags_all": {},
            "type": "MANAGED",
            "update_policy": []
          },
          "sensitive_attributes": [],
          "identity_schema_version": 0,
          "private": "bnVsbA==",
          "dependencies": [
            "aws_iam_instance_profile.ecs_instance_profile",
            "aws_iam_role.batch_service_role",
            "aws_iam_role.ecs_instance_role",
            "aws_iam_role_policy_attachment.batch_service_role_policy",
            "aws_security_group.batch_security_group",
            "aws_subnet.batch_subnet",
            "aws_vpc.batch_vpc",
            "data.aws_availability_zones.available",
            "random_string.resource_suffix"
          ]
        }
      ]
    },
    {
      "mode": "managed",
      "type": "aws_batch_job_queue",
      "name": "gpu_job_queue",
      "provider": "provider[\"registry.terraform.io/hashicorp/aws\"]",
      "instances": [
        {
          "schema_version": 1,
          "attributes": {
            "arn": "arn:aws:batch:us-east-1:664418983811:job-queue/gpu-job-queue-mwjnshy2",
            "compute_environment_order": [
              {
                "compute_environment": "arn:aws:batch:us-east-1:664418983811:compute-environment/gpu-compute-env-mwjnshy2",
                "order": 1
              }
            ],
            "compute_environments": null,
            "id": "arn:aws:batch:us-east-1:664418983811:job-queue/gpu-job-queue-mwjnshy2",
            "job_state_time_limit_action": [],
            "name": "gpu-job-queue-mwjnshy2",
            "priority": 1,
            "scheduling_policy_arn": null,
            "state": "ENABLED",
            "tags": null,
            "tags_all": {},
            "timeouts": null
          },
          "sensitive_attributes": [],
          "identity_schema_version": 0,
          "dependencies": [
            "aws_batch_compute_environment.gpu_compute_env",
            "aws_iam_instance_profile.ecs_instance_profile",
            "aws_iam_role.batch_service_role",
            "aws_iam_role.ecs_instance_role",
            "aws_iam_role_policy_attachment.batch_service_role_policy",
            "aws_security_group.batch_security_group",
            "aws_subnet.batch_subnet",
            "aws_vpc.batch_vpc",
            "data.aws_availability_zones.available",
            "random_string.resource_suffix"
          ]
        }
      ]
    },
    {
      "mode": "managed",
      "type": "aws_ecr_repository",
      "name": "kidney_disease_classifier",
      "provider": "provider[\"registry.terraform.io/hashicorp/aws\"]",
      "instances": [
        {
          "schema_version": 0,
          "attributes": {
            "arn": "arn:aws:ecr:us-east-1:664418983811:repository/kidney-disease-classifier-mwjnshy2",
            "encryption_configuration": [
              {
                "encryption_type": "AES256",
                "kms_key": ""
              }
            ],
            "force_delete": null,
            "id": "kidney-disease-classifier-mwjnshy2",
            "image_scanning_configuration": [
              {
                "scan_on_push": true
              }
            ],
            "image_tag_mutability": "MUTABLE",
            "name": "kidney-disease-classifier-mwjnshy2",
            "registry_id": "664418983811",
            "repository_url": "664418983811.dkr.ecr.us-east-1.amazonaws.com/kidney-disease-classifier-mwjnshy2",
            "tags": null,
            "tags_all": {},
            "timeouts": null
          },
          "sensitive_attributes": [],
          "identity_schema_version": 0,
          "private": "eyJlMmJmYjczMC1lY2FhLTExZTYtOGY4OC0zNDM2M2JjN2M0YzAiOnsiZGVsZXRlIjoxMjAwMDAwMDAwMDAwfX0=",
          "dependencies": [
            "random_string.resource_suffix"
          ]
        }
      ]
    },
    {
      "mode": "managed",
      "type": "aws_iam_instance_profile",
      "name": "ecs_instance_profile",
      "provider": "provider[\"registry.terraform.io/hashicorp/aws\"]",
      "instances": [
        {
          "schema_version": 0,
          "attributes": {
            "arn": "arn:aws:iam::664418983811:instance-profile/ecsInstanceProfile-mwjnshy2",
            "create_date": "2025-06-17T13:38:05Z",
            "id": "ecsInstanceProfile-mwjnshy2",
            "name": "ecsInstanceProfile-mwjnshy2",
            "name_prefix": "",
            "path": "/",
            "role": "ecsInstanceRole-mwjnshy2",
            "tags": {},
            "tags_all": {},
            "unique_id": "AIPAZVMTVD6BYPO5HCVAW"
          },
          "sensitive_attributes": [],
          "identity_schema_version": 0,
          "private": "bnVsbA==",
          "dependencies": [
            "aws_iam_role.ecs_instance_role",
            "random_string.resource_suffix"
          ]
        }
      ]
    },
    {
      "mode": "managed",
      "type": "aws_iam_role",
      "name": "batch_job_role",
      "provider": "provider[\"registry.terraform.io/hashicorp/aws\"]",
      "instances": [
        {
          "schema_version": 0,
          "attributes": {
            "arn": "arn:aws:iam::664418983811:role/BatchJobRole-mwjnshy2",
            "assume_role_policy": "{\"Statement\":[{\"Action\":\"sts:AssumeRole\",\"Effect\":\"Allow\",\"Principal\":{\"Service\":\"ecs-tasks.amazonaws.com\"}}],\"Version\":\"2012-10-17\"}",
            "create_date": "2025-06-17T13:38:04Z",
            "description": "",
            "force_detach_policies": false,
            "id": "BatchJobRole-mwjnshy2",
            "inline_policy": [
              {
                "name": "BatchJobS3Policy-mwjnshy2",
                "policy": "{\"Version\":\"2012-10-17\",\"Statement\":[{\"Action\":[\"s3:GetObject\",\"s3:PutObject\",\"s3:DeleteObject\",\"s3:ListBucket\",\"s3:HeadBucket\",\"s3:HeadObject\",\"s3:GetBucketLocation\"],\"Effect\":\"Allow\",\"Resource\":[\"arn:aws:s3:::kidney-disease-mwjnshy2\",\"arn:aws:s3:::kidney-disease-mwjnshy2/*\"]}]}"
              }
            ],
            "managed_policy_arns": [],
            "max_session_duration": 3600,
            "name": "BatchJobRole-mwjnshy2",
            "name_prefix": "",
            "path": "/",
            "permissions_boundary": "",
            "tags": {},
            "tags_all": {},
            "unique_id": "AROAZVMTVD6BXPHWSVBB2"
          },
          "sensitive_attributes": [],
          "identity_schema_version": 0,
          "private": "bnVsbA==",
          "dependencies": [
            "random_string.resource_suffix"
          ]
        }
      ]
    },
    {
      "mode": "managed",
      "type": "aws_iam_role",
      "name": "batch_service_role",
      "provider": "provider[\"registry.terraform.io/hashicorp/aws\"]",
      "instances": [
        {
          "schema_version": 0,
          "attributes": {
            "arn": "arn:aws:iam::664418983811:role/AWSBatchServiceRole-mwjnshy2",
            "assume_role_policy": "{\"Statement\":[{\"Action\":\"sts:AssumeRole\",\"Effect\":\"Allow\",\"Principal\":{\"Service\":\"batch.amazonaws.com\"}}],\"Version\":\"2012-10-17\"}",
            "create_date": "2025-06-17T13:38:04Z",
            "description": "",
            "force_detach_policies": false,
            "id": "AWSBatchServiceRole-mwjnshy2",
            "inline_policy": [],
            "managed_policy_arns": [
              "arn:aws:iam::aws:policy/service-role/AWSBatchServiceRole"
            ],
            "max_session_duration": 3600,
            "name": "AWSBatchServiceRole-mwjnshy2",
            "name_prefix": "",
            "path": "/",
            "permissions_boundary": "",
            "tags": {},
            "tags_all": {},
            "unique_id": "AROAZVMTVD6BWNG45O7QT"
          },
          "sensitive_attributes": [],
          "identity_schema_version": 0,
          "private": "bnVsbA==",
          "dependencies": [
            "random_string.resource_suffix"
          ]
        }
      ]
    },
    {
      "mode": "managed",
      "type": "aws_iam_role",
      "name": "ecs_instance_role",
      "provider": "provider[\"registry.terraform.io/hashicorp/aws\"]",
      "instances": [
        {
          "schema_version": 0,
          "attributes": {
            "arn": "arn:aws:iam::664418983811:role/ecsInstanceRole-mwjnshy2",
            "assume_role_policy": "{\"Statement\":[{\"Action\":\"sts:AssumeRole\",\"Effect\":\"Allow\",\"Principal\":{\"Service\":\"ec2.amazonaws.com\"}}],\"Version\":\"2012-10-17\"}",
            "create_date": "2025-06-17T13:38:04Z",
            "description": "",
            "force_detach_policies": false,
            "id": "ecsInstanceRole-mwjnshy2",
            "inline_policy": [],
            "managed_policy_arns": [
              "arn:aws:iam::aws:policy/service-role/AmazonEC2ContainerServiceforEC2Role"
            ],
            "max_session_duration": 3600,
            "name": "ecsInstanceRole-mwjnshy2",
            "name_prefix": "",
            "path": "/",
            "permissions_boundary": "",
            "tags": {},
            "tags_all": {},
            "unique_id": "AROAZVMTVD6BZFPQK7DVE"
          },
          "sensitive_attributes": [],
          "identity_schema_version": 0,
          "private": "bnVsbA==",
          "dependencies": [
            "random_string.resource_suffix"
          ]
        }
      ]
    },
    {
      "mode": "managed",
      "type": "aws_iam_role",
      "name": "ecs_task_execution_role",
      "provider": "provider[\"registry.terraform.io/hashicorp/aws\"]",
      "instances": [
        {
          "schema_version": 0,
          "attributes": {
            "arn": "arn:aws:iam::664418983811:role/ecsTaskExecutionRole-mwjnshy2",
            "assume_role_policy": "{\"Statement\":[{\"Action\":\"sts:AssumeRole\",\"Effect\":\"Allow\",\"Principal\":{\"Service\":\"ecs-tasks.amazonaws.com\"}}],\"Version\":\"2012-10-17\"}",
            "create_date": "2025-06-17T13:38:04Z",
            "description": "",
            "force_detach_policies": false,
            "id": "ecsTaskExecutionRole-mwjnshy2",
            "inline_policy": [],
            "managed_policy_arns": [
              "arn:aws:iam::aws:policy/service-role/AmazonECSTaskExecutionRolePolicy"
            ],
            "max_session_duration": 3600,
            "name": "ecsTaskExecutionRole-mwjnshy2",
            "name_prefix": "",
            "path": "/",
            "permissions_boundary": "",
            "tags": {},
            "tags_all": {},
            "unique_id": "AROAZVMTVD6BWO4RLRWYZ"
          },
          "sensitive_attributes": [],
          "identity_schema_version": 0,
          "private": "bnVsbA==",
          "dependencies": [
            "random_string.resource_suffix"
          ]
        }
      ]
    },
    {
      "mode": "managed",
      "type": "aws_iam_role",
      "name": "ecs_task_role",
      "provider": "provider[\"registry.terraform.io/hashicorp/aws\"]",
      "instances": [
        {
          "schema_version": 0,
          "attributes": {
            "arn": "arn:aws:iam::664418983811:role/ecsTaskRole-mwjnshy2",
            "assume_role_policy": "{\"Statement\":[{\"Action\":\"sts:AssumeRole\",\"Effect\":\"Allow\",\"Principal\":{\"Service\":\"ecs-tasks.amazonaws.com\"}}],\"Version\":\"2012-10-17\"}",
            "create_date": "2025-06-17T13:38:04Z",
            "description": "",
            "force_detach_policies": false,
            "id": "ecsTaskRole-mwjnshy2",
            "inline_policy": [
              {
                "name": "ecsTaskRolePolicy-mwjnshy2",
                "policy": "{\"Version\":\"2012-10-17\",\"Statement\":[{\"Action\":[\"s3:GetObject\",\"s3:PutObject\",\"s3:DeleteObject\",\"s3:ListBucket\",\"s3:HeadBucket\",\"s3:HeadObject\"],\"Effect\":\"Allow\",\"Resource\":[\"arn:aws:s3:::kidney-disease-mwjnshy2\",\"arn:aws:s3:::kidney-disease-mwjnshy2/*\"]},{\"Action\":[\"batch:SubmitJob\",\"batch:DescribeJobs\",\"batch:ListJobs\",\"batch:DescribeComputeEnvironments\"],\"Effect\":\"Allow\",\"Resource\":\"*\"}]}"
              }
            ],
            "managed_policy_arns": [
              "arn:aws:iam::aws:policy/AWSBatchFullAccess"
            ],
            "max_session_duration": 3600,
            "name": "ecsTaskRole-mwjnshy2",
            "name_prefix": "",
            "path": "/",
            "permissions_boundary": "",
            "tags": {},
            "tags_all": {},
            "unique_id": "AROAZVMTVD6B4O2GQOVCI"
          },
          "sensitive_attributes": [],
          "identity_schema_version": 0,
          "private": "bnVsbA==",
          "dependencies": [
            "random_string.resource_suffix"
          ]
        }
      ]
    },
    {
      "mode": "managed",
      "type": "aws_iam_role",
      "name": "spot_fleet_role",
      "provider": "provider[\"registry.terraform.io/hashicorp/aws\"]",
      "instances": [
        {
          "schema_version": 0,
          "attributes": {
            "arn": "arn:aws:iam::664418983811:role/aws-ec2-spot-fleet-role-mwjnshy2",
            "assume_role_policy": "{\"Statement\":[{\"Action\":\"sts:AssumeRole\",\"Effect\":\"Allow\",\"Principal\":{\"Service\":\"spotfleet.amazonaws.com\"}}],\"Version\":\"2012-10-17\"}",
            "create_date": "2025-06-17T13:38:04Z",
            "description": "",
            "force_detach_policies": false,
            "id": "aws-ec2-spot-fleet-role-mwjnshy2",
            "inline_policy": [],
            "managed_policy_arns": [
              "arn:aws:iam::aws:policy/service-role/AmazonEC2SpotFleetTaggingRole"
            ],
            "max_session_duration": 3600,
            "name": "aws-ec2-spot-fleet-role-mwjnshy2",
            "name_prefix": "",
            "path": "/",
            "permissions_boundary": "",
            "tags": {},
            "tags_all": {},
            "unique_id": "AROAZVMTVD6BZTCQ2VR6V"
          },
          "sensitive_attributes": [],
          "identity_schema_version": 0,
          "private": "bnVsbA==",
          "dependencies": [
            "random_string.resource_suffix"
          ]
        }
      ]
    },
    {
      "mode": "managed",
      "type": "aws_iam_role_policy",
      "name": "batch_job_s3_policy",
      "provider": "provider[\"registry.terraform.io/hashicorp/aws\"]",
      "instances": [
        {
          "schema_version": 0,
          "attributes": {
            "id": "BatchJobRole-mwjnshy2:BatchJobS3Policy-mwjnshy2",
            "name": "BatchJobS3Policy-mwjnshy2",
            "name_prefix": "",
            "policy": "{\"Version\":\"2012-10-17\",\"Statement\":[{\"Action\":[\"s3:GetObject\",\"s3:PutObject\",\"s3:DeleteObject\",\"s3:ListBucket\",\"s3:HeadBucket\",\"s3:HeadObject\",\"s3:GetBucketLocation\"],\"Effect\":\"Allow\",\"Resource\":[\"arn:aws:s3:::kidney-disease-mwjnshy2\",\"arn:aws:s3:::kidney-disease-mwjnshy2/*\"]}]}",
            "role": "BatchJobRole-mwjnshy2"
          },
          "sensitive_attributes": [],
          "identity_schema_version": 0,
          "private": "bnVsbA==",
          "dependencies": [
            "aws_iam_role.batch_job_role",
            "aws_s3_bucket.kidney_disease_bucket",
            "random_string.resource_suffix"
          ]
        }
      ]
    },
    {
      "mode": "managed",
      "type": "aws_iam_role_policy",
      "name": "ecs_task_role_policy",
      "provider": "provider[\"registry.terraform.io/hashicorp/aws\"]",
      "instances": [
        {
          "schema_version": 0,
          "attributes": {
            "id": "ecsTaskRole-mwjnshy2:ecsTaskRolePolicy-mwjnshy2",
            "name": "ecsTaskRolePolicy-mwjnshy2",
            "name_prefix": "",
            "policy": "{\"Version\":\"2012-10-17\",\"Statement\":[{\"Action\":[\"s3:GetObject\",\"s3:PutObject\",\"s3:DeleteObject\",\"s3:ListBucket\",\"s3:HeadBucket\",\"s3:HeadObject\"],\"Effect\":\"Allow\",\"Resource\":[\"arn:aws:s3:::kidney-disease-mwjnshy2\",\"arn:aws:s3:::kidney-disease-mwjnshy2/*\"]},{\"Action\":[\"batch:SubmitJob\",\"batch:DescribeJobs\",\"batch:ListJobs\",\"batch:DescribeComputeEnvironments\"],\"Effect\":\"Allow\",\"Resource\":\"*\"}]}",
            "role": "ecsTaskRole-mwjnshy2"
          },
          "sensitive_attributes": [],
          "identity_schema_version": 0,
          "private": "bnVsbA==",
          "dependencies": [
            "aws_iam_role.ecs_task_role",
            "aws_s3_bucket.kidney_disease_bucket",
            "random_string.resource_suffix"
          ]
        }
      ]
    },
    {
      "mode": "managed",
      "type": "aws_iam_role_policy_attachment",
      "name": "batch_service_role_policy",
      "provider": "provider[\"registry.terraform.io/hashicorp/aws\"]",
      "instances": [
        {
          "schema_version": 0,
          "attributes": {
            "id": "AWSBatchServiceRole-mwjnshy2-20250617133806168300000004",
            "policy_arn": "arn:aws:iam::aws:policy/service-role/AWSBatchServiceRole",
            "role": "AWSBatchServiceRole-mwjnshy2"
          },
          "sensitive_attributes": [],
          "identity_schema_version": 0,
          "private": "bnVsbA==",
          "dependencies": [
            "aws_iam_role.batch_service_role",
            "random_string.resource_suffix"
          ]
        }
      ]
    },
    {
      "mode": "managed",
      "type": "aws_iam_role_policy_attachment",
      "name": "ecs_instance_role_policy",
      "provider": "provider[\"registry.terraform.io/hashicorp/aws\"]",
      "instances": [
        {
          "schema_version": 0,
          "attributes": {
            "id": "ecsInstanceRole-mwjnshy2-20250617133806156500000001",
            "policy_arn": "arn:aws:iam::aws:policy/service-role/AmazonEC2ContainerServiceforEC2Role",
            "role": "ecsInstanceRole-mwjnshy2"
          },
          "sensitive_attributes": [],
          "identity_schema_version": 0,
          "private": "bnVsbA==",
          "dependencies": [
            "aws_iam_role.ecs_instance_role",
            "random_string.resource_suffix"
          ]
        }
      ]
    },
    {
      "mode": "managed",
      "type": "aws_iam_role_policy_attachment",
      "name": "ecs_task_execution_role_policy",
      "provider": "provider[\"registry.terraform.io/hashicorp/aws\"]",
      "instances": [
        {
          "schema_version": 0,
          "attributes": {
            "id": "ecsTaskExecutionRole-mwjnshy2-20250617133806162400000003",
            "policy_arn": "arn:aws:iam::aws:policy/service-role/AmazonECSTaskExecutionRolePolicy",
            "role": "ecsTaskExecutionRole-mwjnshy2"
          },
          "sensitive_attributes": [],
          "identity_schema_version": 0,
          "private": "bnVsbA==",
          "dependencies": [
            "aws_iam_role.ecs_task_execution_role",
            "random_string.resource_suffix"
          ]
        }
      ]
    },
    {
      "mode": "managed",
      "type": "aws_iam_role_policy_attachment",
      "name": "spot_fleet_role_policy",
      "provider": "provider[\"registry.terraform.io/hashicorp/aws\"]",
      "instances": [
        {
          "schema_version": 0,
          "attributes": {
            "id": "aws-ec2-spot-fleet-role-mwjnshy2-20250617133806162400000002",
            "policy_arn": "arn:aws:iam::aws:policy/service-role/AmazonEC2SpotFleetTaggingRole",
            "role": "aws-ec2-spot-fleet-role-mwjnshy2"
          },
          "sensitive_attributes": [],
          "identity_schema_version": 0,
          "private": "bnVsbA==",
          "dependencies": [
            "aws_iam_role.spot_fleet_role",
            "random_string.resource_suffix"
          ]
        }
      ]
    },
    {
      "mode": "managed",
      "type": "aws_internet_gateway",
      "name": "batch_igw",
      "provider": "provider[\"registry.terraform.io/hashicorp/aws\"]",
      "instances": [
        {
          "schema_version": 0,
          "attributes": {
            "arn": "arn:aws:ec2:us-east-1:664418983811:internet-gateway/igw-01a2993b783438e97",
            "id": "igw-01a2993b783438e97",
            "owner_id": "664418983811",
            "tags": {
              "Name": "batch-igw-mwjnshy2"
            },
            "tags_all": {
              "Name": "batch-igw-mwjnshy2"
            },
            "timeouts": null,
            "vpc_id": "vpc-0c2cb380e3a54ed26"
          },
          "sensitive_attributes": [],
          "identity_schema_version": 0,
          "private": "eyJlMmJmYjczMC1lY2FhLTExZTYtOGY4OC0zNDM2M2JjN2M0YzAiOnsiY3JlYXRlIjoxMjAwMDAwMDAwMDAwLCJkZWxldGUiOjEyMDAwMDAwMDAwMDAsInVwZGF0ZSI6MTIwMDAwMDAwMDAwMH19",
          "dependencies": [
            "aws_vpc.batch_vpc",
            "random_string.resource_suffix"
          ]
        }
      ]
    },
    {
      "mode": "managed",
      "type": "aws_route_table",
      "name": "batch_route_table",
      "provider": "provider[\"registry.terraform.io/hashicorp/aws\"]",
      "instances": [
        {
          "schema_version": 0,
          "attributes": {
            "arn": "arn:aws:ec2:us-east-1:664418983811:route-table/rtb-0f054fe82d68bda9e",
            "id": "rtb-0f054fe82d68bda9e",
            "owner_id": "664418983811",
            "propagating_vgws": [],
            "route": [
              {
                "carrier_gateway_id": "",
                "cidr_block": "0.0.0.0/0",
                "core_network_arn": "",
                "destination_prefix_list_id": "",
                "egress_only_gateway_id": "",
                "gateway_id": "igw-01a2993b783438e97",
                "ipv6_cidr_block": "",
                "local_gateway_id": "",
                "nat_gateway_id": "",
                "network_interface_id": "",
                "transit_gateway_id": "",
                "vpc_endpoint_id": "",
                "vpc_peering_connection_id": ""
              }
            ],
            "tags": {
              "Name": "batch-route-table-mwjnshy2"
            },
            "tags_all": {
              "Name": "batch-route-table-mwjnshy2"
            },
            "timeouts": null,
            "vpc_id": "vpc-0c2cb380e3a54ed26"
          },
          "sensitive_attributes": [],
          "identity_schema_version": 0,
          "private": "eyJlMmJmYjczMC1lY2FhLTExZTYtOGY4OC0zNDM2M2JjN2M0YzAiOnsiY3JlYXRlIjozMDAwMDAwMDAwMDAsImRlbGV0ZSI6MzAwMDAwMDAwMDAwLCJ1cGRhdGUiOjEyMDAwMDAwMDAwMH19",
          "dependencies": [
            "aws_internet_gateway.batch_igw",
            "aws_vpc.batch_vpc",
            "random_string.resource_suffix"
          ]
        }
      ]
    },
    {
      "mode": "managed",
      "type": "aws_route_table_association",
      "name": "batch_route_table_association",
      "provider": "provider[\"registry.terraform.io/hashicorp/aws\"]",
      "instances": [
        {
          "schema_version": 0,
          "attributes": {
            "gateway_id": "",
            "id": "rtbassoc-0c018cf66d3bf4ede",
            "route_table_id": "rtb-0f054fe82d68bda9e",
            "subnet_id": "subnet-02d79eaa9223a3209",
            "timeouts": null
          },
          "sensitive_attributes": [],
          "identity_schema_version": 0,
          "private": "eyJlMmJmYjczMC1lY2FhLTExZTYtOGY4OC0zNDM2M2JjN2M0YzAiOnsiY3JlYXRlIjozMDAwMDAwMDAwMDAsImRlbGV0ZSI6MzAwMDAwMDAwMDAwLCJ1cGRhdGUiOjEyMDAwMDAwMDAwMH19",
          "dependencies": [
            "aws_internet_gateway.batch_igw",
            "aws_route_table.batch_route_table",
            "aws_subnet.batch_subnet",
            "aws_vpc.batch_vpc",
            "data.aws_availability_zones.available",
            "random_string.resource_suffix"
          ]
        }
      ]
    },
    {
      "mode": "managed",
      "type": "aws_s3_bucket",
      "name": "kidney_disease_bucket",
      "provider": "provider[\"registry.terraform.io/hashicorp/aws\"]",
      "instances": [
        {
          "schema_version": 0,
          "attributes": {
            "acceleration_status": "",
            "acl": null,
            "arn": "arn:aws:s3:::kidney-disease-mwjnshy2",
            "bucket": "kidney-disease-mwjnshy2",
            "bucket_domain_name": "kidney-disease-mwjnshy2.s3.amazonaws.com",
            "bucket_prefix": "",
            "bucket_regional_domain_name": "kidney-disease-mwjnshy2.s3.us-east-1.amazonaws.com",
            "cors_rule": [],
            "force_destroy": false,
            "grant": [
              {
                "id": "520f0ea8330bda824c7b9cd04d9556da2678ace3e75b833e8668d449c96e61df",
                "permissions": [
                  "FULL_CONTROL"
                ],
                "type": "CanonicalUser",
                "uri": ""
              }
            ],
            "hosted_zone_id": "Z3AQBSTGFYJSTF",
            "id": "kidney-disease-mwjnshy2",
            "lifecycle_rule": [],
            "logging": [],
            "object_lock_configuration": [],
            "object_lock_enabled": false,
            "policy": "",
            "region": "us-east-1",
            "replication_configuration": [],
            "request_payer": "BucketOwner",
            "server_side_encryption_configuration": [
              {
                "rule": [
                  {
                    "apply_server_side_encryption_by_default": [
                      {
                        "kms_master_key_id": "",
                        "sse_algorithm": "AES256"
                      }
                    ],
                    "bucket_key_enabled": false
                  }
                ]
              }
            ],
            "tags": null,
            "tags_all": {},
            "timeouts": null,
            "versioning": [
              {
                "enabled": false,
                "mfa_delete": false
              }
            ],
            "website": [],
            "website_domain": null,
            "website_endpoint": null
          },
          "sensitive_attributes": [],
          "identity_schema_version": 0,
          "private": "eyJlMmJmYjczMC1lY2FhLTExZTYtOGY4OC0zNDM2M2JjN2M0YzAiOnsiY3JlYXRlIjoxMjAwMDAwMDAwMDAwLCJkZWxldGUiOjM2MDAwMDAwMDAwMDAsInJlYWQiOjEyMDAwMDAwMDAwMDAsInVwZGF0ZSI6MTIwMDAwMDAwMDAwMH19",
          "dependencies": [
            "random_string.resource_suffix"
          ]
        }
      ]
    },
    {
      "mode": "managed",
      "type": "aws_s3_bucket_versioning",
      "name": "kidney_disease_bucket_versioning",
      "provider": "provider[\"registry.terraform.io/hashicorp/aws\"]",
      "instances": [
        {
          "schema_version": 0,
          "attributes": {
            "bucket": "kidney-disease-mwjnshy2",
            "expected_bucket_owner": "",
            "id": "kidney-disease-mwjnshy2",
            "mfa": null,
            "versioning_configuration": [
              {
                "mfa_delete": "",
                "status": "Enabled"
              }
            ]
          },
          "sensitive_attributes": [],
          "identity_schema_version": 0,
          "private": "bnVsbA==",
          "dependencies": [
            "aws_s3_bucket.kidney_disease_bucket",
            "random_string.resource_suffix"
          ]
        }
      ]
    },
    {
      "mode": "managed",
      "type": "aws_security_group",
      "name": "batch_security_group",
      "provider": "provider[\"registry.terraform.io/hashicorp/aws\"]",
      "instances": [
        {
          "schema_version": 1,
          "attributes": {
            "arn": "arn:aws:ec2:us-east-1:664418983811:security-group/sg-02d52dfe1be4d7f8b",
            "description": "Managed by Terraform",
            "egress": [
              {
                "cidr_blocks": [
                  "0.0.0.0/0"
                ],
                "description": "",
                "from_port": 0,
                "ipv6_cidr_blocks": [],
                "prefix_list_ids": [],
                "protocol": "-1",
                "security_groups": [],
                "self": false,
                "to_port": 0
              }
            ],
            "id": "sg-02d52dfe1be4d7f8b",
            "ingress": [
              {
                "cidr_blocks": [
                  "0.0.0.0/0"
                ],
                "description": "Allow inbound traffic on port 8080 for Flask app",
                "from_port": 8080,
                "ipv6_cidr_blocks": [],
                "prefix_list_ids": [],
                "protocol": "tcp",
                "security_groups": [],
                "self": false,
                "to_port": 8080
              }
            ],
            "name": "batch-sg-mwjnshy2-20250617133819390400000005",
            "name_prefix": "batch-sg-mwjnshy2-",
            "owner_id": "664418983811",
            "revoke_rules_on_delete": false,
            "tags": {
              "Name": "batch-security-group-mwjnshy2"
            },
            "tags_all": {
              "Name": "batch-security-group-mwjnshy2"
            },
            "timeouts": null,
            "vpc_id": "vpc-0c2cb380e3a54ed26"
          },
          "sensitive_attributes": [],
          "identity_schema_version": 0,
          "private": "eyJlMmJmYjczMC1lY2FhLTExZTYtOGY4OC0zNDM2M2JjN2M0YzAiOnsiY3JlYXRlIjo2MDAwMDAwMDAwMDAsImRlbGV0ZSI6OTAwMDAwMDAwMDAwfSwic2NoZW1hX3ZlcnNpb24iOiIxIn0=",
          "dependencies": [
            "aws_vpc.batch_vpc",
            "random_string.resource_suffix"
          ]
        }
      ]
    },
    {
      "mode": "managed",
      "type": "aws_security_group_rule",
      "name": "flask_app_ingress",
      "provider": "provider[\"registry.terraform.io/hashicorp/aws\"]",
      "instances": [
        {
          "schema_version": 2,
          "attributes": {
            "cidr_blocks": [
              "0.0.0.0/0"
            ],
            "description": "Allow inbound traffic on port 8080 for Flask app",
            "from_port": 8080,
            "id": "sgrule-2869509781",
            "ipv6_cidr_blocks": null,
            "prefix_list_ids": null,
            "protocol": "tcp",
            "security_group_id": "sg-02d52dfe1be4d7f8b",
            "security_group_rule_id": "sgr-065465bec7b360b70",
            "self": false,
            "source_security_group_id": null,
            "timeouts": null,
            "to_port": 8080,
            "type": "ingress"
          },
          "sensitive_attributes": [],
          "identity_schema_version": 0,
          "private": "eyJlMmJmYjczMC1lY2FhLTExZTYtOGY4OC0zNDM2M2JjN2M0YzAiOnsiY3JlYXRlIjozMDAwMDAwMDAwMDB9LCJzY2hlbWFfdmVyc2lvbiI6IjIifQ==",
          "dependencies": [
            "aws_security_group.batch_security_group",
            "aws_vpc.batch_vpc",
            "random_string.resource_suffix"
          ]
        }
      ]
    },
    {
      "mode": "managed",
      "type": "aws_subnet",
      "name": "batch_subnet",
      "provider": "provider[\"registry.terraform.io/hashicorp/aws\"]",
      "instances": [
        {
          "schema_version": 1,
          "attributes": {
            "arn": "arn:aws:ec2:us-east-1:664418983811:subnet/subnet-02d79eaa9223a3209",
            "assign_ipv6_address_on_creation": false,
            "availability_zone": "us-east-1a",
            "availability_zone_id": "use1-az4",
            "cidr_block": "10.0.1.0/24",
            "customer_owned_ipv4_pool": "",
            "enable_dns64": false,
            "enable_lni_at_device_index": 0,
            "enable_resource_name_dns_a_record_on_launch": false,
            "enable_resource_name_dns_aaaa_record_on_launch": false,
            "id": "subnet-02d79eaa9223a3209",
            "ipv6_cidr_block": "",
            "ipv6_cidr_block_association_id": "",
            "ipv6_native": false,
            "map_customer_owned_ip_on_launch": false,
            "map_public_ip_on_launch": true,
            "outpost_arn": "",
            "owner_id": "664418983811",
            "private_dns_hostname_type_on_launch": "ip-name",
            "tags": {
              "Name": "batch-subnet-mwjnshy2"
            },
            "tags_all": {
              "Name": "batch-subnet-mwjnshy2"
            },
            "timeouts": null,
            "vpc_id": "vpc-0c2cb380e3a54ed26"
          },
          "sensitive_attributes": [],
          "identity_schema_version": 0,
          "private": "eyJlMmJmYjczMC1lY2FhLTExZTYtOGY4OC0zNDM2M2JjN2M0YzAiOnsiY3JlYXRlIjo2MDAwMDAwMDAwMDAsImRlbGV0ZSI6MTIwMDAwMDAwMDAwMH0sInNjaGVtYV92ZXJzaW9uIjoiMSJ9",
          "dependencies": [
            "aws_vpc.batch_vpc",
            "data.aws_availability_zones.available",
            "random_string.resource_suffix"
          ]
        }
      ]
    },
    {
      "mode": "managed",
      "type": "aws_vpc",
      "name": "batch_vpc",
      "provider": "provider[\"registry.terraform.io/hashicorp/aws\"]",
      "instances": [
        {
          "schema_version": 1,
          "attributes": {
            "arn": "arn:aws:ec2:us-east-1:664418983811:vpc/vpc-0c2cb380e3a54ed26",
            "assign_generated_ipv6_cidr_block": false,
            "cidr_block": "10.0.0.0/16",
            "default_network_acl_id": "acl-05aa67d9d112ba863",
            "default_route_table_id": "rtb-00af24a8c18cae5a8",
            "default_security_group_id": "sg-058ed2c919dc41e45",
            "dhcp_options_id": "dopt-0c6b0403a09a8c7a1",
            "enable_dns_hostnames": true,
            "enable_dns_support": true,
            "enable_network_address_usage_metrics": false,
            "id": "vpc-0c2cb380e3a54ed26",
            "instance_tenancy": "default",
            "ipv4_ipam_pool_id": null,
            "ipv4_netmask_length": null,
            "ipv6_association_id": "",
            "ipv6_cidr_block": "",
            "ipv6_cidr_block_network_border_group": "",
            "ipv6_ipam_pool_id": "",
            "ipv6_netmask_length": 0,
            "main_route_table_id": "rtb-00af24a8c18cae5a8",
            "owner_id": "664418983811",
            "tags": {
              "Name": "batch-vpc-mwjnshy2"
            },
            "tags_all": {
              "Name": "batch-vpc-mwjnshy2"
            }
          },
          "sensitive_attributes": [],
          "identity_schema_version": 0,
          "private": "eyJzY2hlbWFfdmVyc2lvbiI6IjEifQ==",
          "dependencies": [
            "random_string.resource_suffix"
          ]
        }
      ]
    },
    {
      "mode": "managed",
      "type": "random_string",
      "name": "resource_suffix",
      "provider": "provider[\"registry.terraform.io/hashicorp/random\"]",
      "instances": [
        {
          "schema_version": 2,
          "attributes": {
            "id": "mwjnshy2",
            "keepers": null,
            "length": 8,
            "lower": true,
            "min_lower": 0,
            "min_numeric": 0,
            "min_special": 0,
            "min_upper": 0,
            "number": true,
            "numeric": true,
            "override_special": null,
            "result": "mwjnshy2",
            "special": false,
            "upper": false
          },
          "sensitive_attributes": [],
          "identity_schema_version": 0
        }
      ]
    }
  ],
  "check_results": null
}
